
Microsoft Visual Studio Solution File, Format Version 12.00
# Visual Studio Version 17
VisualStudioVersion = 17.0.31903.59
MinimumVisualStudioVersion = 10.0.40219.1
Project("{FAE04EC0-301F-11D3-BF4B-00C04F79EFBC}") = "BreweryWholesaleManagement", "BreweryWholesaleManagement\BreweryWholesaleManagement.csproj", "{7DE127F7-1D38-41C7-BBA2-3AC37A7EB426}"
EndProject
Global
	GlobalSection(SolutionConfigurationPlatforms) = preSolution
		Debug|Any CPU = Debug|Any CPU
		Release|Any CPU = Release|Any CPU
	EndGlobalSection
	GlobalSection(ProjectConfigurationPlatforms) = postSolution
		{7DE127F7-1D38-41C7-BBA2-3AC37A7EB426}.Debug|Any CPU.ActiveCfg = Debug|Any CPU
		{7DE127F7-1D38-41C7-BBA2-3AC37A7EB426}.Debug|Any CPU.Build.0 = Debug|Any CPU
		{7DE127F7-1D38-41C7-BBA2-3AC37A7EB426}.Release|Any CPU.ActiveCfg = Release|Any CPU
		{7DE127F7-1D38-41C7-BBA2-3AC37A7EB426}.Release|Any CPU.Build.0 = Release|Any CPU
	EndGlobalSection
	GlobalSection(SolutionProperties) = preSolution
		HideSolutionNode = FALSE
	EndGlobalSection
	GlobalSection(ExtensibilityGlobals) = postSolution
		SolutionGuid = {E18283C7-70E1-48A0-ABC5-219A0FB17B67}
	EndGlobalSection
EndGlobal
